
Microsoft Visual Studio Solution File, Format Version 12.00
# Visual Studio Version 16
VisualStudioVersion = 16.0.31019.35
MinimumVisualStudioVersion = 10.0.40219.1
Project("{FAE04EC0-301F-11D3-BF4B-00C04F79EFBC}") = "MahApps.Costume", "MahApps.Costume.Core\MahApps.Costume.Core.csproj", "{C0FDD137-0446-4D49-92F6-B4DBB6630367}"
EndProject
Global
	GlobalSection(SolutionConfigurationPlatforms) = preSolution
		Debug|Any CPU = Debug|Any CPU
		Release|Any CPU = Release|Any CPU
	EndGlobalSection
	GlobalSection(ProjectConfigurationPlatforms) = postSolution
		{C0FDD137-0446-4D49-92F6-B4DBB6630367}.Debug|Any CPU.ActiveCfg = Debug|Any CPU
		{C0FDD137-0446-4D49-92F6-B4DBB6630367}.Debug|Any CPU.Build.0 = Debug|Any CPU
		{C0FDD137-0446-4D49-92F6-B4DBB6630367}.Release|Any CPU.ActiveCfg = Release|Any CPU
		{C0FDD137-0446-4D49-92F6-B4DBB6630367}.Release|Any CPU.Build.0 = Release|Any CPU
	EndGlobalSection
	GlobalSection(SolutionProperties) = preSolution
		HideSolutionNode = FALSE
	EndGlobalSection
	GlobalSection(ExtensibilityGlobals) = postSolution
		SolutionGuid = {9260B2AC-F87B-4E84-810F-FFF14CF4F6F1}
	EndGlobalSection
EndGlobal
